// !$*UTF8*$!
{
	archiveVersion = 1;
	classes = {
	};
	objectVersion = 55;
	objects = {

/* Begin PBXBuildFile section */
		47EFF09A284C85EE001CE87C /* UI_578App.swift in Sources */ = {isa = PBXBuildFile; fileRef = 47EFF099284C85EE001CE87C /* UI_578App.swift */; };
		47EFF09C284C85EE001CE87C /* ContentView.swift in Sources */ = {isa = PBXBuildFile; fileRef = 47EFF09B284C85EE001CE87C /* ContentView.swift */; };
		47EFF09E284C85EF001CE87C /* Assets.xcassets in Resources */ = {isa = PBXBuildFile; fileRef = 47EFF09D284C85EF001CE87C /* Assets.xcassets */; };
		47EFF0A1284C85EF001CE87C /* Preview Assets.xcassets in Resources */ = {isa = PBXBuildFile; fileRef = 47EFF0A0284C85EF001CE87C /* Preview Assets.xcassets */; };
		47EFF0AB284C85EF001CE87C /* UI_578Tests.swift in Sources */ = {isa = PBXBuildFile; fileRef = 47EFF0AA284C85EF001CE87C /* UI_578Tests.swift */; };
		47EFF0B5284C85EF001CE87C /* UI_578UITests.swift in Sources */ = {isa = PBXBuildFile; fileRef = 47EFF0B4284C85EF001CE87C /* UI_578UITests.swift */; };
		47EFF0B7284C85EF001CE87C /* UI_578UITestsLaunchTests.swift in Sources */ = {isa = PBXBuildFile; fileRef = 47EFF0B6284C85EF001CE87C /* UI_578UITestsLaunchTests.swift */; };
		47EFF0D2284C862F001CE87C /* Storage.swift in Sources */ = {isa = PBXBuildFile; fileRef = 47EFF0CE284C862F001CE87C /* Storage.swift */; };
		47EFF0D3284C862F001CE87C /* File.swift in Sources */ = {isa = PBXBuildFile; fileRef = 47EFF0CF284C862F001CE87C /* File.swift */; };
		47EFF0D4284C862F001CE87C /* Tab.swift in Sources */ = {isa = PBXBuildFile; fileRef = 47EFF0D0284C862F001CE87C /* Tab.swift */; };
		47EFF0D5284C862F001CE87C /* StorageDetail.swift in Sources */ = {isa = PBXBuildFile; fileRef = 47EFF0D1284C862F001CE87C /* StorageDetail.swift */; };
		47EFF0D7284C863F001CE87C /* MainView.swift in Sources */ = {isa = PBXBuildFile; fileRef = 47EFF0D6284C863F001CE87C /* MainView.swift */; };
		47EFF0D9284C865C001CE87C /* RecponceView.swift in Sources */ = {isa = PBXBuildFile; fileRef = 47EFF0D8284C865C001CE87C /* RecponceView.swift */; };
		47EFF0DB284C88AA001CE87C /* SlideView.swift in Sources */ = {isa = PBXBuildFile; fileRef = 47EFF0DA284C88AA001CE87C /* SlideView.swift */; };
		47EFF0DD284C8C40001CE87C /* DashBoardView.swift in Sources */ = {isa = PBXBuildFile; fileRef = 47EFF0DC284C8C40001CE87C /* DashBoardView.swift */; };
/* End PBXBuildFile section */

/* Begin PBXContainerItemProxy section */
		47EFF0A7284C85EF001CE87C /* PBXContainerItemProxy */ = {
			isa = PBXContainerItemProxy;
			containerPortal = 47EFF08E284C85EE001CE87C /* Project object */;
			proxyType = 1;
			remoteGlobalIDString = 47EFF095284C85EE001CE87C;
			remoteInfo = "UI-578";
		};
		47EFF0B1284C85EF001CE87C /* PBXContainerItemProxy */ = {
			isa = PBXContainerItemProxy;
			containerPortal = 47EFF08E284C85EE001CE87C /* Project object */;
			proxyType = 1;
			remoteGlobalIDString = 47EFF095284C85EE001CE87C;
			remoteInfo = "UI-578";
		};
/* End PBXContainerItemProxy section */

/* Begin PBXFileReference section */
		47EFF096284C85EE001CE87C /* UI-578.app */ = {isa = PBXFileReference; explicitFileType = wrapper.application; includeInIndex = 0; path = "UI-578.app"; sourceTree = BUILT_PRODUCTS_DIR; };
		47EFF099284C85EE001CE87C /* UI_578App.swift */ = {isa = PBXFileReference; lastKnownFileType = sourcecode.swift; path = UI_578App.swift; sourceTree = "<group>"; };
		47EFF09B284C85EE001CE87C /* ContentView.swift */ = {isa = PBXFileReference; lastKnownFileType = sourcecode.swift; path = ContentView.swift; sourceTree = "<group>"; };
		47EFF09D284C85EF001CE87C /* Assets.xcassets */ = {isa = PBXFileReference; lastKnownFileType = folder.assetcatalog; path = Assets.xcassets; sourceTree = "<group>"; };
		47EFF0A0284C85EF001CE87C /* Preview Assets.xcassets */ = {isa = PBXFileReference; lastKnownFileType = folder.assetcatalog; path = "Preview Assets.xcassets"; sourceTree = "<group>"; };
		47EFF0A6284C85EF001CE87C /* UI-578Tests.xctest */ = {isa = PBXFileReference; explicitFileType = wrapper.cfbundle; includeInIndex = 0; path = "UI-578Tests.xctest"; sourceTree = BUILT_PRODUCTS_DIR; };
		47EFF0AA284C85EF001CE87C /* UI_578Tests.swift */ = {isa = PBXFileReference; lastKnownFileType = sourcecode.swift; path = UI_578Tests.swift; sourceTree = "<group>"; };
		47EFF0B0284C85EF001CE87C /* UI-578UITests.xctest */ = {isa = PBXFileReference; explicitFileType = wrapper.cfbundle; includeInIndex = 0; path = "UI-578UITests.xctest"; sourceTree = BUILT_PRODUCTS_DIR; };
		47EFF0B4284C85EF001CE87C /* UI_578UITests.swift */ = {isa = PBXFileReference; lastKnownFileType = sourcecode.swift; path = UI_578UITests.swift; sourceTree = "<group>"; };
		47EFF0B6284C85EF001CE87C /* UI_578UITestsLaunchTests.swift */ = {isa = PBXFileReference; lastKnownFileType = sourcecode.swift; path = UI_578UITestsLaunchTests.swift; sourceTree = "<group>"; };
		47EFF0CE284C862F001CE87C /* Storage.swift */ = {isa = PBXFileReference; fileEncoding = 4; lastKnownFileType = sourcecode.swift; path = Storage.swift; sourceTree = "<group>"; };
		47EFF0CF284C862F001CE87C /* File.swift */ = {isa = PBXFileReference; fileEncoding = 4; lastKnownFileType = sourcecode.swift; path = File.swift; sourceTree = "<group>"; };
		47EFF0D0284C862F001CE87C /* Tab.swift */ = {isa = PBXFileReference; fileEncoding = 4; lastKnownFileType = sourcecode.swift; path = Tab.swift; sourceTree = "<group>"; };
		47EFF0D1284C862F001CE87C /* StorageDetail.swift */ = {isa = PBXFileReference; fileEncoding = 4; lastKnownFileType = sourcecode.swift; path = StorageDetail.swift; sourceTree = "<group>"; };
		47EFF0D6284C863F001CE87C /* MainView.swift */ = {isa = PBXFileReference; lastKnownFileType = sourcecode.swift; path = MainView.swift; sourceTree = "<group>"; };
		47EFF0D8284C865C001CE87C /* RecponceView.swift */ = {isa = PBXFileReference; lastKnownFileType = sourcecode.swift; path = RecponceView.swift; sourceTree = "<group>"; };
		47EFF0DA284C88AA001CE87C /* SlideView.swift */ = {isa = PBXFileReference; lastKnownFileType = sourcecode.swift; path = SlideView.swift; sourceTree = "<group>"; };
		47EFF0DC284C8C40001CE87C /* DashBoardView.swift */ = {isa = PBXFileReference; lastKnownFileType = sourcecode.swift; path = DashBoardView.swift; sourceTree = "<group>"; };
/* End PBXFileReference section */

/* Begin PBXFrameworksBuildPhase section */
		47EFF093284C85EE001CE87C /* Frameworks */ = {
			isa = PBXFrameworksBuildPhase;
			buildActionMask = 2147483647;
			files = (
			);
			runOnlyForDeploymentPostprocessing = 0;
		};
		47EFF0A3284C85EF001CE87C /* Frameworks */ = {
			isa = PBXFrameworksBuildPhase;
			buildActionMask = 2147483647;
			files = (
			);
			runOnlyForDeploymentPostprocessing = 0;
		};
		47EFF0AD284C85EF001CE87C /* Frameworks */ = {
			isa = PBXFrameworksBuildPhase;
			buildActionMask = 2147483647;
			files = (
			);
			runOnlyForDeploymentPostprocessing = 0;
		};
/* End PBXFrameworksBuildPhase section */

/* Begin PBXGroup section */
		47EFF08D284C85EE001CE87C = {
			isa = PBXGroup;
			children = (
				47EFF098284C85EE001CE87C /* UI-578 */,
				47EFF0A9284C85EF001CE87C /* UI-578Tests */,
				47EFF0B3284C85EF001CE87C /* UI-578UITests */,
				47EFF097284C85EE001CE87C /* Products */,
			);
			sourceTree = "<group>";
		};
		47EFF097284C85EE001CE87C /* Products */ = {
			isa = PBXGroup;
			children = (
				47EFF096284C85EE001CE87C /* UI-578.app */,
				47EFF0A6284C85EF001CE87C /* UI-578Tests.xctest */,
				47EFF0B0284C85EF001CE87C /* UI-578UITests.xctest */,
			);
			name = Products;
			sourceTree = "<group>";
		};
		47EFF098284C85EE001CE87C /* UI-578 */ = {
			isa = PBXGroup;
			children = (
				47EFF0CD284C862F001CE87C /* Model */,
				47EFF0C3284C85FD001CE87C /* View */,
				47EFF099284C85EE001CE87C /* UI_578App.swift */,
				47EFF09B284C85EE001CE87C /* ContentView.swift */,
				47EFF09D284C85EF001CE87C /* Assets.xcassets */,
				47EFF09F284C85EF001CE87C /* Preview Content */,
			);
			path = "UI-578";
			sourceTree = "<group>";
		};
		47EFF09F284C85EF001CE87C /* Preview Content */ = {
			isa = PBXGroup;
			children = (
				47EFF0A0284C85EF001CE87C /* Preview Assets.xcassets */,
			);
			path = "Preview Content";
			sourceTree = "<group>";
		};
		47EFF0A9284C85EF001CE87C /* UI-578Tests */ = {
			isa = PBXGroup;
			children = (
				47EFF0AA284C85EF001CE87C /* UI_578Tests.swift */,
			);
			path = "UI-578Tests";
			sourceTree = "<group>";
		};
		47EFF0B3284C85EF001CE87C /* UI-578UITests */ = {
			isa = PBXGroup;
			children = (
				47EFF0B4284C85EF001CE87C /* UI_578UITests.swift */,
				47EFF0B6284C85EF001CE87C /* UI_578UITestsLaunchTests.swift */,
			);
			path = "UI-578UITests";
			sourceTree = "<group>";
		};
		47EFF0C3284C85FD001CE87C /* View */ = {
			isa = PBXGroup;
			children = (
				47EFF0D8284C865C001CE87C /* RecponceView.swift */,
				47EFF0D6284C863F001CE87C /* MainView.swift */,
				47EFF0DA284C88AA001CE87C /* SlideView.swift */,
				47EFF0DC284C8C40001CE87C /* DashBoardView.swift */,
			);
			path = View;
			sourceTree = "<group>";
		};
		47EFF0CD284C862F001CE87C /* Model */ = {
			isa = PBXGroup;
			children = (
				47EFF0CE284C862F001CE87C /* Storage.swift */,
				47EFF0CF284C862F001CE87C /* File.swift */,
				47EFF0D0284C862F001CE87C /* Tab.swift */,
				47EFF0D1284C862F001CE87C /* StorageDetail.swift */,
			);
			path = Model;
			sourceTree = "<group>";
		};
/* End PBXGroup section */

/* Begin PBXNativeTarget section */
		47EFF095284C85EE001CE87C /* UI-578 */ = {
			isa = PBXNativeTarget;
			buildConfigurationList = 47EFF0BA284C85EF001CE87C /* Build configuration list for PBXNativeTarget "UI-578" */;
			buildPhases = (
				47EFF092284C85EE001CE87C /* Sources */,
				47EFF093284C85EE001CE87C /* Frameworks */,
				47EFF094284C85EE001CE87C /* Resources */,
			);
			buildRules = (
			);
			dependencies = (
			);
			name = "UI-578";
			productName = "UI-578";
			productReference = 47EFF096284C85EE001CE87C /* UI-578.app */;
			productType = "com.apple.product-type.application";
		};
		47EFF0A5284C85EF001CE87C /* UI-578Tests */ = {
			isa = PBXNativeTarget;
			buildConfigurationList = 47EFF0BD284C85EF001CE87C /* Build configuration list for PBXNativeTarget "UI-578Tests" */;
			buildPhases = (
				47EFF0A2284C85EF001CE87C /* Sources */,
				47EFF0A3284C85EF001CE87C /* Frameworks */,
				47EFF0A4284C85EF001CE87C /* Resources */,
			);
			buildRules = (
			);
			dependencies = (
				47EFF0A8284C85EF001CE87C /* PBXTargetDependency */,
			);
			name = "UI-578Tests";
			productName = "UI-578Tests";
			productReference = 47EFF0A6284C85EF001CE87C /* UI-578Tests.xctest */;
			productType = "com.apple.product-type.bundle.unit-test";
		};
		47EFF0AF284C85EF001CE87C /* UI-578UITests */ = {
			isa = PBXNativeTarget;
			buildConfigurationList = 47EFF0C0284C85EF001CE87C /* Build configuration list for PBXNativeTarget "UI-578UITests" */;
			buildPhases = (
				47EFF0AC284C85EF001CE87C /* Sources */,
				47EFF0AD284C85EF001CE87C /* Frameworks */,
				47EFF0AE284C85EF001CE87C /* Resources */,
			);
			buildRules = (
			);
			dependencies = (
				47EFF0B2284C85EF001CE87C /* PBXTargetDependency */,
			);
			name = "UI-578UITests";
			productName = "UI-578UITests";
			productReference = 47EFF0B0284C85EF001CE87C /* UI-578UITests.xctest */;
			productType = "com.apple.product-type.bundle.ui-testing";
		};
/* End PBXNativeTarget section */

/* Begin PBXProject section */
		47EFF08E284C85EE001CE87C /* Project object */ = {
			isa = PBXProject;
			attributes = {
				BuildIndependentTargetsInParallel = 1;
				LastSwiftUpdateCheck = 1330;
				LastUpgradeCheck = 1330;
				TargetAttributes = {
					47EFF095284C85EE001CE87C = {
						CreatedOnToolsVersion = 13.3;
					};
					47EFF0A5284C85EF001CE87C = {
						CreatedOnToolsVersion = 13.3;
						TestTargetID = 47EFF095284C85EE001CE87C;
					};
					47EFF0AF284C85EF001CE87C = {
						CreatedOnToolsVersion = 13.3;
						TestTargetID = 47EFF095284C85EE001CE87C;
					};
				};
			};
			buildConfigurationList = 47EFF091284C85EE001CE87C /* Build configuration list for PBXProject "UI-578" */;
			compatibilityVersion = "Xcode 13.0";
			developmentRegion = en;
			hasScannedForEncodings = 0;
			knownRegions = (
				en,
				Base,
			);
			mainGroup = 47EFF08D284C85EE001CE87C;
			productRefGroup = 47EFF097284C85EE001CE87C /* Products */;
			projectDirPath = "";
			projectRoot = "";
			targets = (
				47EFF095284C85EE001CE87C /* UI-578 */,
				47EFF0A5284C85EF001CE87C /* UI-578Tests */,
				47EFF0AF284C85EF001CE87C /* UI-578UITests */,
			);
		};
/* End PBXProject section */

/* Begin PBXResourcesBuildPhase section */
		47EFF094284C85EE001CE87C /* Resources */ = {
			isa = PBXResourcesBuildPhase;
			buildActionMask = 2147483647;
			files = (
				47EFF0A1284C85EF001CE87C /* Preview Assets.xcassets in Resources */,
				47EFF09E284C85EF001CE87C /* Assets.xcassets in Resources */,
			);
			runOnlyForDeploymentPostprocessing = 0;
		};
		47EFF0A4284C85EF001CE87C /* Resources */ = {
			isa = PBXResourcesBuildPhase;
			buildActionMask = 2147483647;
			files = (
			);
			runOnlyForDeploymentPostprocessing = 0;
		};
		47EFF0AE284C85EF001CE87C /* Resources */ = {
			isa = PBXResourcesBuildPhase;
			buildActionMask = 2147483647;
			files = (
			);
			runOnlyForDeploymentPostprocessing = 0;
		};
/* End PBXResourcesBuildPhase section */

/* Begin PBXSourcesBuildPhase section */
		47EFF092284C85EE001CE87C /* Sources */ = {
			isa = PBXSourcesBuildPhase;
			buildActionMask = 2147483647;
			files = (
				47EFF09C284C85EE001CE87C /* ContentView.swift in Sources */,
				47EFF0DD284C8C40001CE87C /* DashBoardView.swift in Sources */,
				47EFF0D7284C863F001CE87C /* MainView.swift in Sources */,
				47EFF0D3284C862F001CE87C /* File.swift in Sources */,
				47EFF0D5284C862F001CE87C /* StorageDetail.swift in Sources */,
				47EFF0D4284C862F001CE87C /* Tab.swift in Sources */,
				47EFF09A284C85EE001CE87C /* UI_578App.swift in Sources */,
				47EFF0DB284C88AA001CE87C /* SlideView.swift in Sources */,
				47EFF0D2284C862F001CE87C /* Storage.swift in Sources */,
				47EFF0D9284C865C001CE87C /* RecponceView.swift in Sources */,
			);
			runOnlyForDeploymentPostprocessing = 0;
		};
		47EFF0A2284C85EF001CE87C /* Sources */ = {
			isa = PBXSourcesBuildPhase;
			buildActionMask = 2147483647;
			files = (
				47EFF0AB284C85EF001CE87C /* UI_578Tests.swift in Sources */,
			);
			runOnlyForDeploymentPostprocessing = 0;
		};
		47EFF0AC284C85EF001CE87C /* Sources */ = {
			isa = PBXSourcesBuildPhase;
			buildActionMask = 2147483647;
			files = (
				47EFF0B5284C85EF001CE87C /* UI_578UITests.swift in Sources */,
				47EFF0B7284C85EF001CE87C /* UI_578UITestsLaunchTests.swift in Sources */,
			);
			runOnlyForDeploymentPostprocessing = 0;
		};
/* End PBXSourcesBuildPhase section */

/* Begin PBXTargetDependency section */
		47EFF0A8284C85EF001CE87C /* PBXTargetDependency */ = {
			isa = PBXTargetDependency;
			target = 47EFF095284C85EE001CE87C /* UI-578 */;
			targetProxy = 47EFF0A7284C85EF001CE87C /* PBXContainerItemProxy */;
		};
		47EFF0B2284C85EF001CE87C /* PBXTargetDependency */ = {
			isa = PBXTargetDependency;
			target = 47EFF095284C85EE001CE87C /* UI-578 */;
			targetProxy = 47EFF0B1284C85EF001CE87C /* PBXContainerItemProxy */;
		};
/* End PBXTargetDependency section */

/* Begin XCBuildConfiguration section */
		47EFF0B8284C85EF001CE87C /* Debug */ = {
			isa = XCBuildConfiguration;
			buildSettings = {
				ALWAYS_SEARCH_USER_PATHS = NO;
				CLANG_ANALYZER_NONNULL = YES;
				CLANG_ANALYZER_NUMBER_OBJECT_CONVERSION = YES_AGGRESSIVE;
				CLANG_CXX_LANGUAGE_STANDARD = "gnu++17";
				CLANG_ENABLE_MODULES = YES;
				CLANG_ENABLE_OBJC_ARC = YES;
				CLANG_ENABLE_OBJC_WEAK = YES;
				CLANG_WARN_BLOCK_CAPTURE_AUTORELEASING = YES;
				CLANG_WARN_BOOL_CONVERSION = YES;
				CLANG_WARN_COMMA = YES;
				CLANG_WARN_CONSTANT_CONVERSION = YES;
				CLANG_WARN_DEPRECATED_OBJC_IMPLEMENTATIONS = YES;
				CLANG_WARN_DIRECT_OBJC_ISA_USAGE = YES_ERROR;
				CLANG_WARN_DOCUMENTATION_COMMENTS = YES;
				CLANG_WARN_EMPTY_BODY = YES;
				CLANG_WARN_ENUM_CONVERSION = YES;
				CLANG_WARN_INFINITE_RECURSION = YES;
				CLANG_WARN_INT_CONVERSION = YES;
				CLANG_WARN_NON_LITERAL_NULL_CONVERSION = YES;
				CLANG_WARN_OBJC_IMPLICIT_RETAIN_SELF = YES;
				CLANG_WARN_OBJC_LITERAL_CONVERSION = YES;
				CLANG_WARN_OBJC_ROOT_CLASS = YES_ERROR;
				CLANG_WARN_QUOTED_INCLUDE_IN_FRAMEWORK_HEADER = YES;
				CLANG_WARN_RANGE_LOOP_ANALYSIS = YES;
				CLANG_WARN_STRICT_PROTOTYPES = YES;
				CLANG_WARN_SUSPICIOUS_MOVE = YES;
				CLANG_WARN_UNGUARDED_AVAILABILITY = YES_AGGRESSIVE;
				CLANG_WARN_UNREACHABLE_CODE = YES;
				CLANG_WARN__DUPLICATE_METHOD_MATCH = YES;
				COPY_PHASE_STRIP = NO;
				DEBUG_INFORMATION_FORMAT = dwarf;
				ENABLE_STRICT_OBJC_MSGSEND = YES;
				ENABLE_TESTABILITY = YES;
				GCC_C_LANGUAGE_STANDARD = gnu11;
				GCC_DYNAMIC_NO_PIC = NO;
				GCC_NO_COMMON_BLOCKS = YES;
				GCC_OPTIMIZATION_LEVEL = 0;
				GCC_PREPROCESSOR_DEFINITIONS = (
					"DEBUG=1",
					"$(inherited)",
				);
				GCC_WARN_64_TO_32_BIT_CONVERSION = YES;
				GCC_WARN_ABOUT_RETURN_TYPE = YES_ERROR;
				GCC_WARN_UNDECLARED_SELECTOR = YES;
				GCC_WARN_UNINITIALIZED_AUTOS = YES_AGGRESSIVE;
				GCC_WARN_UNUSED_FUNCTION = YES;
				GCC_WARN_UNUSED_VARIABLE = YES;
				IPHONEOS_DEPLOYMENT_TARGET = 15.4;
				MTL_ENABLE_DEBUG_INFO = INCLUDE_SOURCE;
				MTL_FAST_MATH = YES;
				ONLY_ACTIVE_ARCH = YES;
				SDKROOT = iphoneos;
				SWIFT_ACTIVE_COMPILATION_CONDITIONS = DEBUG;
				SWIFT_OPTIMIZATION_LEVEL = "-Onone";
			};
			name = Debug;
		};
		47EFF0B9284C85EF001CE87C /* Release */ = {
			isa = XCBuildConfiguration;
			buildSettings = {
				ALWAYS_SEARCH_USER_PATHS = NO;
				CLANG_ANALYZER_NONNULL = YES;
				CLANG_ANALYZER_NUMBER_OBJECT_CONVERSION = YES_AGGRESSIVE;
				CLANG_CXX_LANGUAGE_STANDARD = "gnu++17";
				CLANG_ENABLE_MODULES = YES;
				CLANG_ENABLE_OBJC_ARC = YES;
				CLANG_ENABLE_OBJC_WEAK = YES;
				CLANG_WARN_BLOCK_CAPTURE_AUTORELEASING = YES;
				CLANG_WARN_BOOL_CONVERSION = YES;
				CLANG_WARN_COMMA = YES;
				CLANG_WARN_CONSTANT_CONVERSION = YES;
				CLANG_WARN_DEPRECATED_OBJC_IMPLEMENTATIONS = YES;
				CLANG_WARN_DIRECT_OBJC_ISA_USAGE = YES_ERROR;
				CLANG_WARN_DOCUMENTATION_COMMENTS = YES;
				CLANG_WARN_EMPTY_BODY = YES;
				CLANG_WARN_ENUM_CONVERSION = YES;
				CLANG_WARN_INFINITE_RECURSION = YES;
				CLANG_WARN_INT_CONVERSION = YES;
				CLANG_WARN_NON_LITERAL_NULL_CONVERSION = YES;
				CLANG_WARN_OBJC_IMPLICIT_RETAIN_SELF = YES;
				CLANG_WARN_OBJC_LITERAL_CONVERSION = YES;
				CLANG_WARN_OBJC_ROOT_CLASS = YES_ERROR;
				CLANG_WARN_QUOTED_INCLUDE_IN_FRAMEWORK_HEADER = YES;
				CLANG_WARN_RANGE_LOOP_ANALYSIS = YES;
				CLANG_WARN_STRICT_PROTOTYPES = YES;
				CLANG_WARN_SUSPICIOUS_MOVE = YES;
				CLANG_WARN_UNGUARDED_AVAILABILITY = YES_AGGRESSIVE;
				CLANG_WARN_UNREACHABLE_CODE = YES;
				CLANG_WARN__DUPLICATE_METHOD_MATCH = YES;
				COPY_PHASE_STRIP = NO;
				DEBUG_INFORMATION_FORMAT = "dwarf-with-dsym";
				ENABLE_NS_ASSERTIONS = NO;
				ENABLE_STRICT_OBJC_MSGSEND = YES;
				GCC_C_LANGUAGE_STANDARD = gnu11;
				GCC_NO_COMMON_BLOCKS = YES;
				GCC_WARN_64_TO_32_BIT_CONVERSION = YES;
				GCC_WARN_ABOUT_RETURN_TYPE = YES_ERROR;
				GCC_WARN_UNDECLARED_SELECTOR = YES;
				GCC_WARN_UNINITIALIZED_AUTOS = YES_AGGRESSIVE;
				GCC_WARN_UNUSED_FUNCTION = YES;
				GCC_WARN_UNUSED_VARIABLE = YES;
				IPHONEOS_DEPLOYMENT_TARGET = 15.4;
				MTL_ENABLE_DEBUG_INFO = NO;
				MTL_FAST_MATH = YES;
				SDKROOT = iphoneos;
				SWIFT_COMPILATION_MODE = wholemodule;
				SWIFT_OPTIMIZATION_LEVEL = "-O";
				VALIDATE_PRODUCT = YES;
			};
			name = Release;
		};
		47EFF0BB284C85EF001CE87C /* Debug */ = {
			isa = XCBuildConfiguration;
			buildSettings = {
				ASSETCATALOG_COMPILER_APPICON_NAME = AppIcon;
				ASSETCATALOG_COMPILER_GLOBAL_ACCENT_COLOR_NAME = AccentColor;
				CODE_SIGN_STYLE = Automatic;
				CURRENT_PROJECT_VERSION = 1;
				DEVELOPMENT_ASSET_PATHS = "\"UI-578/Preview Content\"";
				DEVELOPMENT_TEAM = 8CL4U468K5;
				ENABLE_PREVIEWS = YES;
				GENERATE_INFOPLIST_FILE = YES;
				INFOPLIST_KEY_UIApplicationSceneManifest_Generation = YES;
				INFOPLIST_KEY_UIApplicationSupportsIndirectInputEvents = YES;
				INFOPLIST_KEY_UILaunchScreen_Generation = YES;
				INFOPLIST_KEY_UISupportedInterfaceOrientations_iPad = "UIInterfaceOrientationPortrait UIInterfaceOrientationPortraitUpsideDown UIInterfaceOrientationLandscapeLeft UIInterfaceOrientationLandscapeRight";
				INFOPLIST_KEY_UISupportedInterfaceOrientations_iPhone = "UIInterfaceOrientationPortrait UIInterfaceOrientationLandscapeLeft UIInterfaceOrientationLandscapeRight";
				LD_RUNPATH_SEARCH_PATHS = (
					"$(inherited)",
					"@executable_path/Frameworks",
				);
				MARKETING_VERSION = 1.0;
				PRODUCT_BUNDLE_IDENTIFIER = "com.585.UI-578";
				PRODUCT_NAME = "$(TARGET_NAME)";
				SWIFT_EMIT_LOC_STRINGS = YES;
				SWIFT_VERSION = 5.0;
				TARGETED_DEVICE_FAMILY = "1,2";
			};
			name = Debug;
		};
		47EFF0BC284C85EF001CE87C /* Release */ = {
			isa = XCBuildConfiguration;
			buildSettings = {
				ASSETCATALOG_COMPILER_APPICON_NAME = AppIcon;
				ASSETCATALOG_COMPILER_GLOBAL_ACCENT_COLOR_NAME = AccentColor;
				CODE_SIGN_STYLE = Automatic;
				CURRENT_PROJECT_VERSION = 1;
				DEVELOPMENT_ASSET_PATHS = "\"UI-578/Preview Content\"";
				DEVELOPMENT_TEAM = 8CL4U468K5;
				ENABLE_PREVIEWS = YES;
				GENERATE_INFOPLIST_FILE = YES;
				INFOPLIST_KEY_UIApplicationSceneManifest_Generation = YES;
				INFOPLIST_KEY_UIApplicationSupportsIndirectInputEvents = YES;
				INFOPLIST_KEY_UILaunchScreen_Generation = YES;
				INFOPLIST_KEY_UISupportedInterfaceOrientations_iPad = "UIInterfaceOrientationPortrait UIInterfaceOrientationPortraitUpsideDown UIInterfaceOrientationLandscapeLeft UIInterfaceOrientationLandscapeRight";
				INFOPLIST_KEY_UISupportedInterfaceOrientations_iPhone = "UIInterfaceOrientationPortrait UIInterfaceOrientationLandscapeLeft UIInterfaceOrientationLandscapeRight";
				LD_RUNPATH_SEARCH_PATHS = (
					"$(inherited)",
					"@executable_path/Frameworks",
				);
				MARKETING_VERSION = 1.0;
				PRODUCT_BUNDLE_IDENTIFIER = "com.585.UI-578";
				PRODUCT_NAME = "$(TARGET_NAME)";
				SWIFT_EMIT_LOC_STRINGS = YES;
				SWIFT_VERSION = 5.0;
				TARGETED_DEVICE_FAMILY = "1,2";
			};
			name = Release;
		};
		47EFF0BE284C85EF001CE87C /* Debug */ = {
			isa = XCBuildConfiguration;
			buildSettings = {
				ALWAYS_EMBED_SWIFT_STANDARD_LIBRARIES = YES;
				BUNDLE_LOADER = "$(TEST_HOST)";
				CODE_SIGN_STYLE = Automatic;
				CURRENT_PROJECT_VERSION = 1;
				DEVELOPMENT_TEAM = 8CL4U468K5;
				GENERATE_INFOPLIST_FILE = YES;
				IPHONEOS_DEPLOYMENT_TARGET = 15.4;
				MARKETING_VERSION = 1.0;
				PRODUCT_BUNDLE_IDENTIFIER = "com.585.UI-578Tests";
				PRODUCT_NAME = "$(TARGET_NAME)";
				SWIFT_EMIT_LOC_STRINGS = NO;
				SWIFT_VERSION = 5.0;
				TARGETED_DEVICE_FAMILY = "1,2";
				TEST_HOST = "$(BUILT_PRODUCTS_DIR)/UI-578.app/UI-578";
			};
			name = Debug;
		};
		47EFF0BF284C85EF001CE87C /* Release */ = {
			isa = XCBuildConfiguration;
			buildSettings = {
				ALWAYS_EMBED_SWIFT_STANDARD_LIBRARIES = YES;
				BUNDLE_LOADER = "$(TEST_HOST)";
				CODE_SIGN_STYLE = Automatic;
				CURRENT_PROJECT_VERSION = 1;
				DEVELOPMENT_TEAM = 8CL4U468K5;
				GENERATE_INFOPLIST_FILE = YES;
				IPHONEOS_DEPLOYMENT_TARGET = 15.4;
				MARKETING_VERSION = 1.0;
				PRODUCT_BUNDLE_IDENTIFIER = "com.585.UI-578Tests";
				PRODUCT_NAME = "$(TARGET_NAME)";
				SWIFT_EMIT_LOC_STRINGS = NO;
				SWIFT_VERSION = 5.0;
				TARGETED_DEVICE_FAMILY = "1,2";
				TEST_HOST = "$(BUILT_PRODUCTS_DIR)/UI-578.app/UI-578";
			};
			name = Release;
		};
		47EFF0C1284C85EF001CE87C /* Debug */ = {
			isa = XCBuildConfiguration;
			buildSettings = {
				ALWAYS_EMBED_SWIFT_STANDARD_LIBRARIES = YES;
				CODE_SIGN_STYLE = Automatic;
				CURRENT_PROJECT_VERSION = 1;
				DEVELOPMENT_TEAM = 8CL4U468K5;
				GENERATE_INFOPLIST_FILE = YES;
				MARKETING_VERSION = 1.0;
				PRODUCT_BUNDLE_IDENTIFIER = "com.585.UI-578UITests";
				PRODUCT_NAME = "$(TARGET_NAME)";
				SWIFT_EMIT_LOC_STRINGS = NO;
				SWIFT_VERSION = 5.0;
				TARGETED_DEVICE_FAMILY = "1,2";
				TEST_TARGET_NAME = "UI-578";
			};
			name = Debug;
		};
		47EFF0C2284C85EF001CE87C /* Release */ = {
			isa = XCBuildConfiguration;
			buildSettings = {
				ALWAYS_EMBED_SWIFT_STANDARD_LIBRARIES = YES;
				CODE_SIGN_STYLE = Automatic;
				CURRENT_PROJECT_VERSION = 1;
				DEVELOPMENT_TEAM = 8CL4U468K5;
				GENERATE_INFOPLIST_FILE = YES;
				MARKETING_VERSION = 1.0;
				PRODUCT_BUNDLE_IDENTIFIER = "com.585.UI-578UITests";
				PRODUCT_NAME = "$(TARGET_NAME)";
				SWIFT_EMIT_LOC_STRINGS = NO;
				SWIFT_VERSION = 5.0;
				TARGETED_DEVICE_FAMILY = "1,2";
				TEST_TARGET_NAME = "UI-578";
			};
			name = Release;
		};
/* End XCBuildConfiguration section */

/* Begin XCConfigurationList section */
		47EFF091284C85EE001CE87C /* Build configuration list for PBXProject "UI-578" */ = {
			isa = XCConfigurationList;
			buildConfigurations = (
				47EFF0B8284C85EF001CE87C /* Debug */,
				47EFF0B9284C85EF001CE87C /* Release */,
			);
			defaultConfigurationIsVisible = 0;
			defaultConfigurationName = Release;
		};
		47EFF0BA284C85EF001CE87C /* Build configuration list for PBXNativeTarget "UI-578" */ = {
			isa = XCConfigurationList;
			buildConfigurations = (
				47EFF0BB284C85EF001CE87C /* Debug */,
				47EFF0BC284C85EF001CE87C /* Release */,
			);
			defaultConfigurationIsVisible = 0;
			defaultConfigurationName = Release;
		};
		47EFF0BD284C85EF001CE87C /* Build configuration list for PBXNativeTarget "UI-578Tests" */ = {
			isa = XCConfigurationList;
			buildConfigurations = (
				47EFF0BE284C85EF001CE87C /* Debug */,
				47EFF0BF284C85EF001CE87C /* Release */,
			);
			defaultConfigurationIsVisible = 0;
			defaultConfigurationName = Release;
		};
		47EFF0C0284C85EF001CE87C /* Build configuration list for PBXNativeTarget "UI-578UITests" */ = {
			isa = XCConfigurationList;
			buildConfigurations = (
				47EFF0C1284C85EF001CE87C /* Debug */,
				47EFF0C2284C85EF001CE87C /* Release */,
			);
			defaultConfigurationIsVisible = 0;
			defaultConfigurationName = Release;
		};
/* End XCConfigurationList section */
	};
	rootObject = 47EFF08E284C85EE001CE87C /* Project object */;
}
